// !$*UTF8*$!
{
	archiveVersion = 1;
	classes = {
	};
	objectVersion = 77;
	objects = {

/* Begin PBXBuildFile section */
		9A61F0482E38E103004956BA /* Extensions.swift in Sources */ = {isa = PBXBuildFile; fileRef = 9A61F02D2E38E103004956BA /* Extensions.swift */; };
		9A61F0492E38E103004956BA /* HabitRabbit.swift in Sources */ = {isa = PBXBuildFile; fileRef = 9A61F02E2E38E103004956BA /* HabitRabbit.swift */; };
		9A61F04A2E38E103004956BA /* Models.swift in Sources */ = {isa = PBXBuildFile; fileRef = 9A61F02F2E38E103004956BA /* Models.swift */; };
		9A61F04B2E38E103004956BA /* background.swift in Sources */ = {isa = PBXBuildFile; fileRef = 9A61F0312E38E103004956BA /* background.swift */; };
		9A61F04C2E38E103004956BA /* dayLetter.swift in Sources */ = {isa = PBXBuildFile; fileRef = 9A61F0322E38E103004956BA /* dayLetter.swift */; };
		9A61F04D2E38E103004956BA /* habitLabel.swift in Sources */ = {isa = PBXBuildFile; fileRef = 9A61F0332E38E103004956BA /* habitLabel.swift */; };
		9A61F04E2E38E103004956BA /* progressButton.swift in Sources */ = {isa = PBXBuildFile; fileRef = 9A61F0342E38E103004956BA /* progressButton.swift */; };
		9A61F04F2E38E103004956BA /* progressLabel.swift in Sources */ = {isa = PBXBuildFile; fileRef = 9A61F0352E38E103004956BA /* progressLabel.swift */; };
		9A61F0502E38E103004956BA /* progressLabelCompact.swift in Sources */ = {isa = PBXBuildFile; fileRef = 9A61F0362E38E103004956BA /* progressLabelCompact.swift */; };
		9A61F0512E38E103004956BA /* dailyView.swift in Sources */ = {isa = PBXBuildFile; fileRef = 9A61F0382E38E103004956BA /* dailyView.swift */; };
		9A61F0522E38E103004956BA /* monthlyView.swift in Sources */ = {isa = PBXBuildFile; fileRef = 9A61F0392E38E103004956BA /* monthlyView.swift */; };
		9A61F0532E38E103004956BA /* weeklyView.swift in Sources */ = {isa = PBXBuildFile; fileRef = 9A61F03A2E38E103004956BA /* weeklyView.swift */; };
		9A61F0542E38E103004956BA /* Card.swift in Sources */ = {isa = PBXBuildFile; fileRef = 9A61F03C2E38E103004956BA /* Card.swift */; };
		9A61F0552E38E103004956BA /* CardManager.swift in Sources */ = {isa = PBXBuildFile; fileRef = 9A61F03D2E38E103004956BA /* CardManager.swift */; };
		9A61F0562E38E103004956BA /* ModePicker.swift in Sources */ = {isa = PBXBuildFile; fileRef = 9A61F03F2E38E103004956BA /* ModePicker.swift */; };
		9A61F0572E38E103004956BA /* ProgressBar.swift in Sources */ = {isa = PBXBuildFile; fileRef = 9A61F0412E38E103004956BA /* ProgressBar.swift */; };
		9A61F05F2E38E1B2004956BA /* Dashboard.swift in Sources */ = {isa = PBXBuildFile; fileRef = 9A61F05C2E38E1B2004956BA /* Dashboard.swift */; };
		9A61F0602E38E1B2004956BA /* DashboardManager.swift in Sources */ = {isa = PBXBuildFile; fileRef = 9A61F05D2E38E1B2004956BA /* DashboardManager.swift */; };
/* End PBXBuildFile section */

/* Begin PBXFileReference section */
		9A2409F92E0584930088539D /* Habit Rabbit.app */ = {isa = PBXFileReference; explicitFileType = wrapper.application; includeInIndex = 0; path = "Habit Rabbit.app"; sourceTree = BUILT_PRODUCTS_DIR; };
		9A61F02D2E38E103004956BA /* Extensions.swift */ = {isa = PBXFileReference; lastKnownFileType = sourcecode.swift; path = Extensions.swift; sourceTree = "<group>"; };
		9A61F02E2E38E103004956BA /* HabitRabbit.swift */ = {isa = PBXFileReference; lastKnownFileType = sourcecode.swift; path = HabitRabbit.swift; sourceTree = "<group>"; };
		9A61F02F2E38E103004956BA /* Models.swift */ = {isa = PBXFileReference; lastKnownFileType = sourcecode.swift; path = Models.swift; sourceTree = "<group>"; };
		9A61F0312E38E103004956BA /* background.swift */ = {isa = PBXFileReference; lastKnownFileType = sourcecode.swift; path = background.swift; sourceTree = "<group>"; };
		9A61F0322E38E103004956BA /* dayLetter.swift */ = {isa = PBXFileReference; lastKnownFileType = sourcecode.swift; path = dayLetter.swift; sourceTree = "<group>"; };
		9A61F0332E38E103004956BA /* habitLabel.swift */ = {isa = PBXFileReference; lastKnownFileType = sourcecode.swift; path = habitLabel.swift; sourceTree = "<group>"; };
		9A61F0342E38E103004956BA /* progressButton.swift */ = {isa = PBXFileReference; lastKnownFileType = sourcecode.swift; path = progressButton.swift; sourceTree = "<group>"; };
		9A61F0352E38E103004956BA /* progressLabel.swift */ = {isa = PBXFileReference; lastKnownFileType = sourcecode.swift; path = progressLabel.swift; sourceTree = "<group>"; };
		9A61F0362E38E103004956BA /* progressLabelCompact.swift */ = {isa = PBXFileReference; lastKnownFileType = sourcecode.swift; path = progressLabelCompact.swift; sourceTree = "<group>"; };
		9A61F0382E38E103004956BA /* dailyView.swift */ = {isa = PBXFileReference; lastKnownFileType = sourcecode.swift; path = dailyView.swift; sourceTree = "<group>"; };
		9A61F0392E38E103004956BA /* monthlyView.swift */ = {isa = PBXFileReference; lastKnownFileType = sourcecode.swift; path = monthlyView.swift; sourceTree = "<group>"; };
		9A61F03A2E38E103004956BA /* weeklyView.swift */ = {isa = PBXFileReference; lastKnownFileType = sourcecode.swift; path = weeklyView.swift; sourceTree = "<group>"; };
		9A61F03C2E38E103004956BA /* Card.swift */ = {isa = PBXFileReference; lastKnownFileType = sourcecode.swift; path = Card.swift; sourceTree = "<group>"; };
		9A61F03D2E38E103004956BA /* CardManager.swift */ = {isa = PBXFileReference; lastKnownFileType = sourcecode.swift; path = CardManager.swift; sourceTree = "<group>"; };
		9A61F03F2E38E103004956BA /* ModePicker.swift */ = {isa = PBXFileReference; lastKnownFileType = sourcecode.swift; path = ModePicker.swift; sourceTree = "<group>"; };
		9A61F0412E38E103004956BA /* ProgressBar.swift */ = {isa = PBXFileReference; lastKnownFileType = sourcecode.swift; path = ProgressBar.swift; sourceTree = "<group>"; };
		9A61F0462E38E103004956BA /* Assets.xcassets */ = {isa = PBXFileReference; lastKnownFileType = folder.assetcatalog; path = Assets.xcassets; sourceTree = "<group>"; };
		9A61F05C2E38E1B2004956BA /* Dashboard.swift */ = {isa = PBXFileReference; lastKnownFileType = sourcecode.swift; path = Dashboard.swift; sourceTree = "<group>"; };
		9A61F05D2E38E1B2004956BA /* DashboardManager.swift */ = {isa = PBXFileReference; lastKnownFileType = sourcecode.swift; path = DashboardManager.swift; sourceTree = "<group>"; };
/* End PBXFileReference section */

/* Begin PBXFrameworksBuildPhase section */
		9A2409F62E0584930088539D /* Frameworks */ = {
			isa = PBXFrameworksBuildPhase;
			buildActionMask = 2147483647;
			files = (
			);
			runOnlyForDeploymentPostprocessing = 0;
		};
/* End PBXFrameworksBuildPhase section */

/* Begin PBXGroup section */
		9A2409F02E0584930088539D = {
			isa = PBXGroup;
			children = (
				9A61F0472E38E103004956BA /* Habit Rabbit */,
				9A2409FA2E0584930088539D /* Products */,
			);
			sourceTree = "<group>";
		};
		9A2409FA2E0584930088539D /* Products */ = {
			isa = PBXGroup;
			children = (
				9A2409F92E0584930088539D /* Habit Rabbit.app */,
			);
			name = Products;
			sourceTree = "<group>";
		};
		9A61F0302E38E103004956BA /* App */ = {
			isa = PBXGroup;
			children = (
				9A61F02E2E38E103004956BA /* HabitRabbit.swift */,
				9A61F02F2E38E103004956BA /* Models.swift */,
				9A61F02D2E38E103004956BA /* Extensions.swift */,
			);
			path = App;
			sourceTree = "<group>";
		};
		9A61F0372E38E103004956BA /* Components */ = {
			isa = PBXGroup;
			children = (
				9A61F0312E38E103004956BA /* background.swift */,
				9A61F0322E38E103004956BA /* dayLetter.swift */,
				9A61F0332E38E103004956BA /* habitLabel.swift */,
				9A61F0342E38E103004956BA /* progressButton.swift */,
				9A61F0352E38E103004956BA /* progressLabel.swift */,
				9A61F0362E38E103004956BA /* progressLabelCompact.swift */,
			);
			path = Components;
			sourceTree = "<group>";
		};
		9A61F03B2E38E103004956BA /* Views */ = {
			isa = PBXGroup;
			children = (
				9A61F0382E38E103004956BA /* dailyView.swift */,
				9A61F0392E38E103004956BA /* monthlyView.swift */,
				9A61F03A2E38E103004956BA /* weeklyView.swift */,
			);
			path = Views;
			sourceTree = "<group>";
		};
		9A61F03E2E38E103004956BA /* HabitCard */ = {
			isa = PBXGroup;
			children = (
				9A61F03C2E38E103004956BA /* Card.swift */,
				9A61F03D2E38E103004956BA /* CardManager.swift */,
				9A61F03B2E38E103004956BA /* Views */,
				9A61F0372E38E103004956BA /* Components */,
			);
			path = HabitCard;
			sourceTree = "<group>";
		};
		9A61F0402E38E103004956BA /* ModePicker */ = {
			isa = PBXGroup;
			children = (
				9A61F03F2E38E103004956BA /* ModePicker.swift */,
			);
			path = ModePicker;
			sourceTree = "<group>";
		};
		9A61F0422E38E103004956BA /* ProgressBar */ = {
			isa = PBXGroup;
			children = (
				9A61F0412E38E103004956BA /* ProgressBar.swift */,
			);
			path = ProgressBar;
			sourceTree = "<group>";
		};
		9A61F0452E38E103004956BA /* Components */ = {
			isa = PBXGroup;
			children = (
				9A61F05E2E38E1B2004956BA /* Dashboard */,
				9A61F03E2E38E103004956BA /* HabitCard */,
				9A61F0402E38E103004956BA /* ModePicker */,
				9A61F0422E38E103004956BA /* ProgressBar */,
			);
			path = Components;
			sourceTree = "<group>";
		};
		9A61F0472E38E103004956BA /* Habit Rabbit */ = {
			isa = PBXGroup;
			children = (
				9A61F0302E38E103004956BA /* App */,
				9A61F0452E38E103004956BA /* Components */,
				9A61F0462E38E103004956BA /* Assets.xcassets */,
			);
			path = "Habit Rabbit";
			sourceTree = "<group>";
		};
		9A61F05E2E38E1B2004956BA /* Dashboard */ = {
			isa = PBXGroup;
			children = (
				9A61F05C2E38E1B2004956BA /* Dashboard.swift */,
				9A61F05D2E38E1B2004956BA /* DashboardManager.swift */,
			);
			path = Dashboard;
			sourceTree = "<group>";
		};
/* End PBXGroup section */

/* Begin PBXNativeTarget section */
		9A2409F82E0584930088539D /* Habit Rabbit */ = {
			isa = PBXNativeTarget;
			buildConfigurationList = 9A240A042E0584940088539D /* Build configuration list for PBXNativeTarget "Habit Rabbit" */;
			buildPhases = (
				9A2409F52E0584930088539D /* Sources */,
				9A2409F62E0584930088539D /* Frameworks */,
				9A2409F72E0584930088539D /* Resources */,
			);
			buildRules = (
			);
			dependencies = (
			);
			name = "Habit Rabbit";
			packageProductDependencies = (
			);
			productName = "Habit Rabbit";
			productReference = 9A2409F92E0584930088539D /* Habit Rabbit.app */;
			productType = "com.apple.product-type.application";
		};
/* End PBXNativeTarget section */

/* Begin PBXProject section */
		9A2409F12E0584930088539D /* Project object */ = {
			isa = PBXProject;
			attributes = {
				BuildIndependentTargetsInParallel = 1;
				LastSwiftUpdateCheck = 1640;
				LastUpgradeCheck = 1640;
				TargetAttributes = {
					9A2409F82E0584930088539D = {
						CreatedOnToolsVersion = 16.4;
					};
				};
			};
			buildConfigurationList = 9A2409F42E0584930088539D /* Build configuration list for PBXProject "Habit Rabbit" */;
			developmentRegion = en;
			hasScannedForEncodings = 0;
			knownRegions = (
				en,
				Base,
			);
			mainGroup = 9A2409F02E0584930088539D;
			minimizedProjectReferenceProxies = 1;
			packageReferences = (
			);
			preferredProjectObjectVersion = 77;
			productRefGroup = 9A2409FA2E0584930088539D /* Products */;
			projectDirPath = "";
			projectRoot = "";
			targets = (
				9A2409F82E0584930088539D /* Habit Rabbit */,
			);
		};
/* End PBXProject section */

/* Begin PBXResourcesBuildPhase section */
		9A2409F72E0584930088539D /* Resources */ = {
			isa = PBXResourcesBuildPhase;
			buildActionMask = 2147483647;
			files = (
			);
			runOnlyForDeploymentPostprocessing = 0;
		};
/* End PBXResourcesBuildPhase section */

/* Begin PBXSourcesBuildPhase section */
		9A2409F52E0584930088539D /* Sources */ = {
			isa = PBXSourcesBuildPhase;
			buildActionMask = 2147483647;
			files = (
				9A61F0482E38E103004956BA /* Extensions.swift in Sources */,
				9A61F0492E38E103004956BA /* HabitRabbit.swift in Sources */,
				9A61F04A2E38E103004956BA /* Models.swift in Sources */,
				9A61F04B2E38E103004956BA /* background.swift in Sources */,
				9A61F04C2E38E103004956BA /* dayLetter.swift in Sources */,
				9A61F04D2E38E103004956BA /* habitLabel.swift in Sources */,
				9A61F05F2E38E1B2004956BA /* Dashboard.swift in Sources */,
				9A61F0602E38E1B2004956BA /* DashboardManager.swift in Sources */,
				9A61F04E2E38E103004956BA /* progressButton.swift in Sources */,
				9A61F04F2E38E103004956BA /* progressLabel.swift in Sources */,
				9A61F0502E38E103004956BA /* progressLabelCompact.swift in Sources */,
				9A61F0512E38E103004956BA /* dailyView.swift in Sources */,
				9A61F0522E38E103004956BA /* monthlyView.swift in Sources */,
				9A61F0532E38E103004956BA /* weeklyView.swift in Sources */,
				9A61F0542E38E103004956BA /* Card.swift in Sources */,
				9A61F0552E38E103004956BA /* CardManager.swift in Sources */,
				9A61F0562E38E103004956BA /* ModePicker.swift in Sources */,
				9A61F0572E38E103004956BA /* ProgressBar.swift in Sources */,
			);
			runOnlyForDeploymentPostprocessing = 0;
		};
/* End PBXSourcesBuildPhase section */

/* Begin XCBuildConfiguration section */
		9A240A022E0584940088539D /* Debug */ = {
			isa = XCBuildConfiguration;
			buildSettings = {
				ALWAYS_SEARCH_USER_PATHS = NO;
				ASSETCATALOG_COMPILER_GENERATE_SWIFT_ASSET_SYMBOL_EXTENSIONS = YES;
				CLANG_ANALYZER_NONNULL = YES;
				CLANG_ANALYZER_NUMBER_OBJECT_CONVERSION = YES_AGGRESSIVE;
				CLANG_CXX_LANGUAGE_STANDARD = "gnu++20";
				CLANG_ENABLE_MODULES = YES;
				CLANG_ENABLE_OBJC_ARC = YES;
				CLANG_ENABLE_OBJC_WEAK = YES;
				CLANG_WARN_BLOCK_CAPTURE_AUTORELEASING = YES;
				CLANG_WARN_BOOL_CONVERSION = YES;
				CLANG_WARN_COMMA = YES;
				CLANG_WARN_CONSTANT_CONVERSION = YES;
				CLANG_WARN_DEPRECATED_OBJC_IMPLEMENTATIONS = YES;
				CLANG_WARN_DIRECT_OBJC_ISA_USAGE = YES_ERROR;
				CLANG_WARN_DOCUMENTATION_COMMENTS = YES;
				CLANG_WARN_EMPTY_BODY = YES;
				CLANG_WARN_ENUM_CONVERSION = YES;
				CLANG_WARN_INFINITE_RECURSION = YES;
				CLANG_WARN_INT_CONVERSION = YES;
				CLANG_WARN_NON_LITERAL_NULL_CONVERSION = YES;
				CLANG_WARN_OBJC_IMPLICIT_RETAIN_SELF = YES;
				CLANG_WARN_OBJC_LITERAL_CONVERSION = YES;
				CLANG_WARN_OBJC_ROOT_CLASS = YES_ERROR;
				CLANG_WARN_QUOTED_INCLUDE_IN_FRAMEWORK_HEADER = YES;
				CLANG_WARN_RANGE_LOOP_ANALYSIS = YES;
				CLANG_WARN_STRICT_PROTOTYPES = YES;
				CLANG_WARN_SUSPICIOUS_MOVE = YES;
				CLANG_WARN_UNGUARDED_AVAILABILITY = YES_AGGRESSIVE;
				CLANG_WARN_UNREACHABLE_CODE = YES;
				CLANG_WARN__DUPLICATE_METHOD_MATCH = YES;
				COPY_PHASE_STRIP = NO;
				DEBUG_INFORMATION_FORMAT = dwarf;
				DEVELOPMENT_TEAM = 4DXABR577J;
				ENABLE_STRICT_OBJC_MSGSEND = YES;
				ENABLE_TESTABILITY = YES;
				ENABLE_USER_SCRIPT_SANDBOXING = YES;
				GCC_C_LANGUAGE_STANDARD = gnu17;
				GCC_DYNAMIC_NO_PIC = NO;
				GCC_NO_COMMON_BLOCKS = YES;
				GCC_OPTIMIZATION_LEVEL = 0;
				GCC_PREPROCESSOR_DEFINITIONS = (
					"DEBUG=1",
					"$(inherited)",
				);
				GCC_WARN_64_TO_32_BIT_CONVERSION = YES;
				GCC_WARN_ABOUT_RETURN_TYPE = YES_ERROR;
				GCC_WARN_UNDECLARED_SELECTOR = YES;
				GCC_WARN_UNINITIALIZED_AUTOS = YES_AGGRESSIVE;
				GCC_WARN_UNUSED_FUNCTION = YES;
				GCC_WARN_UNUSED_VARIABLE = YES;
				IPHONEOS_DEPLOYMENT_TARGET = 18.5;
				LOCALIZATION_PREFERS_STRING_CATALOGS = YES;
				MTL_ENABLE_DEBUG_INFO = INCLUDE_SOURCE;
				MTL_FAST_MATH = YES;
				ONLY_ACTIVE_ARCH = YES;
				SDKROOT = iphoneos;
				SWIFT_ACTIVE_COMPILATION_CONDITIONS = "DEBUG $(inherited)";
				SWIFT_OPTIMIZATION_LEVEL = "-Onone";
			};
			name = Debug;
		};
		9A240A032E0584940088539D /* Release */ = {
			isa = XCBuildConfiguration;
			buildSettings = {
				ALWAYS_SEARCH_USER_PATHS = NO;
				ASSETCATALOG_COMPILER_GENERATE_SWIFT_ASSET_SYMBOL_EXTENSIONS = YES;
				CLANG_ANALYZER_NONNULL = YES;
				CLANG_ANALYZER_NUMBER_OBJECT_CONVERSION = YES_AGGRESSIVE;
				CLANG_CXX_LANGUAGE_STANDARD = "gnu++20";
				CLANG_ENABLE_MODULES = YES;
				CLANG_ENABLE_OBJC_ARC = YES;
				CLANG_ENABLE_OBJC_WEAK = YES;
				CLANG_WARN_BLOCK_CAPTURE_AUTORELEASING = YES;
				CLANG_WARN_BOOL_CONVERSION = YES;
				CLANG_WARN_COMMA = YES;
				CLANG_WARN_CONSTANT_CONVERSION = YES;
				CLANG_WARN_DEPRECATED_OBJC_IMPLEMENTATIONS = YES;
				CLANG_WARN_DIRECT_OBJC_ISA_USAGE = YES_ERROR;
				CLANG_WARN_DOCUMENTATION_COMMENTS = YES;
				CLANG_WARN_EMPTY_BODY = YES;
				CLANG_WARN_ENUM_CONVERSION = YES;
				CLANG_WARN_INFINITE_RECURSION = YES;
				CLANG_WARN_INT_CONVERSION = YES;
				CLANG_WARN_NON_LITERAL_NULL_CONVERSION = YES;
				CLANG_WARN_OBJC_IMPLICIT_RETAIN_SELF = YES;
				CLANG_WARN_OBJC_LITERAL_CONVERSION = YES;
				CLANG_WARN_OBJC_ROOT_CLASS = YES_ERROR;
				CLANG_WARN_QUOTED_INCLUDE_IN_FRAMEWORK_HEADER = YES;
				CLANG_WARN_RANGE_LOOP_ANALYSIS = YES;
				CLANG_WARN_STRICT_PROTOTYPES = YES;
				CLANG_WARN_SUSPICIOUS_MOVE = YES;
				CLANG_WARN_UNGUARDED_AVAILABILITY = YES_AGGRESSIVE;
				CLANG_WARN_UNREACHABLE_CODE = YES;
				CLANG_WARN__DUPLICATE_METHOD_MATCH = YES;
				COPY_PHASE_STRIP = NO;
				DEBUG_INFORMATION_FORMAT = "dwarf-with-dsym";
				DEVELOPMENT_TEAM = 4DXABR577J;
				ENABLE_NS_ASSERTIONS = NO;
				ENABLE_STRICT_OBJC_MSGSEND = YES;
				ENABLE_USER_SCRIPT_SANDBOXING = YES;
				GCC_C_LANGUAGE_STANDARD = gnu17;
				GCC_NO_COMMON_BLOCKS = YES;
				GCC_WARN_64_TO_32_BIT_CONVERSION = YES;
				GCC_WARN_ABOUT_RETURN_TYPE = YES_ERROR;
				GCC_WARN_UNDECLARED_SELECTOR = YES;
				GCC_WARN_UNINITIALIZED_AUTOS = YES_AGGRESSIVE;
				GCC_WARN_UNUSED_FUNCTION = YES;
				GCC_WARN_UNUSED_VARIABLE = YES;
				IPHONEOS_DEPLOYMENT_TARGET = 18.5;
				LOCALIZATION_PREFERS_STRING_CATALOGS = YES;
				MTL_ENABLE_DEBUG_INFO = NO;
				MTL_FAST_MATH = YES;
				SDKROOT = iphoneos;
				SWIFT_COMPILATION_MODE = wholemodule;
				VALIDATE_PRODUCT = YES;
			};
			name = Release;
		};
		9A240A052E0584940088539D /* Debug */ = {
			isa = XCBuildConfiguration;
			buildSettings = {
				ASSETCATALOG_COMPILER_APPICON_NAME = AppIcon;
				ASSETCATALOG_COMPILER_GLOBAL_ACCENT_COLOR_NAME = AccentColor;
				CODE_SIGN_STYLE = Automatic;
				CURRENT_PROJECT_VERSION = 1;
				DEVELOPMENT_TEAM = 4DXABR577J;
				ENABLE_PREVIEWS = YES;
				GENERATE_INFOPLIST_FILE = YES;
				INFOPLIST_KEY_UIApplicationSceneManifest_Generation = YES;
				INFOPLIST_KEY_UIApplicationSupportsIndirectInputEvents = YES;
				INFOPLIST_KEY_UILaunchScreen_Generation = YES;
				INFOPLIST_KEY_UISupportedInterfaceOrientations = "UIInterfaceOrientationPortrait UIInterfaceOrientationPortraitUpsideDown";
				INFOPLIST_KEY_UISupportedInterfaceOrientations_iPad = "UIInterfaceOrientationLandscapeLeft UIInterfaceOrientationLandscapeRight UIInterfaceOrientationPortrait UIInterfaceOrientationPortraitUpsideDown";
				LD_RUNPATH_SEARCH_PATHS = (
					"$(inherited)",
					"@executable_path/Frameworks",
				);
				MARKETING_VERSION = 1.0;
				PRODUCT_BUNDLE_IDENTIFIER = "de.mottzi.Habit-Rabbit";
				PRODUCT_NAME = "$(TARGET_NAME)";
				SUPPORTED_PLATFORMS = "iphoneos iphonesimulator";
				SUPPORTS_MACCATALYST = NO;
				SUPPORTS_MAC_DESIGNED_FOR_IPHONE_IPAD = NO;
				SUPPORTS_XR_DESIGNED_FOR_IPHONE_IPAD = NO;
				SWIFT_EMIT_LOC_STRINGS = YES;
				SWIFT_VERSION = 5.0;
				TARGETED_DEVICE_FAMILY = 1;
			};
			name = Debug;
		};
		9A240A062E0584940088539D /* Release */ = {
			isa = XCBuildConfiguration;
			buildSettings = {
				ASSETCATALOG_COMPILER_APPICON_NAME = AppIcon;
				ASSETCATALOG_COMPILER_GLOBAL_ACCENT_COLOR_NAME = AccentColor;
				CODE_SIGN_STYLE = Automatic;
				CURRENT_PROJECT_VERSION = 1;
				DEVELOPMENT_TEAM = 4DXABR577J;
				ENABLE_PREVIEWS = YES;
				GENERATE_INFOPLIST_FILE = YES;
				INFOPLIST_KEY_UIApplicationSceneManifest_Generation = YES;
				INFOPLIST_KEY_UIApplicationSupportsIndirectInputEvents = YES;
				INFOPLIST_KEY_UILaunchScreen_Generation = YES;
				INFOPLIST_KEY_UISupportedInterfaceOrientations = "UIInterfaceOrientationPortrait UIInterfaceOrientationPortraitUpsideDown";
				INFOPLIST_KEY_UISupportedInterfaceOrientations_iPad = "UIInterfaceOrientationLandscapeLeft UIInterfaceOrientationLandscapeRight UIInterfaceOrientationPortrait UIInterfaceOrientationPortraitUpsideDown";
				LD_RUNPATH_SEARCH_PATHS = (
					"$(inherited)",
					"@executable_path/Frameworks",
				);
				MARKETING_VERSION = 1.0;
				PRODUCT_BUNDLE_IDENTIFIER = "de.mottzi.Habit-Rabbit";
				PRODUCT_NAME = "$(TARGET_NAME)";
				SUPPORTED_PLATFORMS = "iphoneos iphonesimulator";
				SUPPORTS_MACCATALYST = NO;
				SUPPORTS_MAC_DESIGNED_FOR_IPHONE_IPAD = NO;
				SUPPORTS_XR_DESIGNED_FOR_IPHONE_IPAD = NO;
				SWIFT_EMIT_LOC_STRINGS = YES;
				SWIFT_VERSION = 5.0;
				TARGETED_DEVICE_FAMILY = 1;
			};
			name = Release;
		};
/* End XCBuildConfiguration section */

/* Begin XCConfigurationList section */
		9A2409F42E0584930088539D /* Build configuration list for PBXProject "Habit Rabbit" */ = {
			isa = XCConfigurationList;
			buildConfigurations = (
				9A240A022E0584940088539D /* Debug */,
				9A240A032E0584940088539D /* Release */,
			);
			defaultConfigurationIsVisible = 0;
			defaultConfigurationName = Release;
		};
		9A240A042E0584940088539D /* Build configuration list for PBXNativeTarget "Habit Rabbit" */ = {
			isa = XCConfigurationList;
			buildConfigurations = (
				9A240A052E0584940088539D /* Debug */,
				9A240A062E0584940088539D /* Release */,
			);
			defaultConfigurationIsVisible = 0;
			defaultConfigurationName = Release;
		};
/* End XCConfigurationList section */
	};
	rootObject = 9A2409F12E0584930088539D /* Project object */;
}
